
Microsoft Visual Studio Solution File, Format Version 12.00
# Visual Studio Version 16
VisualStudioVersion = 25.0.1704.0
MinimumVisualStudioVersion = 10.0.40219.1
Project("{FAE04EC0-301F-11D3-BF4B-00C04F79EFBC}") = "base_DOTNET6_interpolacao_strings", "base_DOTNET6\base_DOTNET6_interpolacao_strings.csproj", "{10E2E10F-9CB1-4CEA-8FD2-35363213D763}"
EndProject
Project("{2150E333-8FDC-42A3-9474-1A3956D46DE8}") = "001", "001", "{3D014309-A3B1-476B-9CF5-AF8135E00445}"
EndProject
Project("{2150E333-8FDC-42A3-9474-1A3956D46DE8}") = "002", "002", "{6BD28B9D-E3EB-4E51-BBB1-E2F37F5D21E3}"
EndProject
Project("{FAE04EC0-301F-11D3-BF4B-00C04F79EFBC}") = "base_DOTNET6_RAW_Strings_LITERAL", "base_DOTNET6_RAW_Strings_LITERAL\base_DOTNET6_RAW_Strings_LITERAL.csproj", "{84744D7C-A396-403A-9DAA-A03C167637C7}"
EndProject
Project("{2150E333-8FDC-42A3-9474-1A3956D46DE8}") = "003", "003", "{83A9ACB7-8757-4A64-B81C-4EBF80113E1A}"
EndProject
Project("{FAE04EC0-301F-11D3-BF4B-00C04F79EFBC}") = "base_DOTNET6_UTF8_Strings_Literal", "base_DOTNET6_Auto_Default_Structs\base_DOTNET6_UTF8_Strings_Literal.csproj", "{DD3372EC-8BDA-4157-AD50-D187A5DDA212}"
EndProject
Global
	GlobalSection(SolutionConfigurationPlatforms) = preSolution
		Debug|Any CPU = Debug|Any CPU
		Release|Any CPU = Release|Any CPU
	EndGlobalSection
	GlobalSection(ProjectConfigurationPlatforms) = postSolution
		{10E2E10F-9CB1-4CEA-8FD2-35363213D763}.Debug|Any CPU.ActiveCfg = Debug|Any CPU
		{10E2E10F-9CB1-4CEA-8FD2-35363213D763}.Debug|Any CPU.Build.0 = Debug|Any CPU
		{10E2E10F-9CB1-4CEA-8FD2-35363213D763}.Release|Any CPU.ActiveCfg = Release|Any CPU
		{10E2E10F-9CB1-4CEA-8FD2-35363213D763}.Release|Any CPU.Build.0 = Release|Any CPU
		{84744D7C-A396-403A-9DAA-A03C167637C7}.Debug|Any CPU.ActiveCfg = Debug|Any CPU
		{84744D7C-A396-403A-9DAA-A03C167637C7}.Debug|Any CPU.Build.0 = Debug|Any CPU
		{84744D7C-A396-403A-9DAA-A03C167637C7}.Release|Any CPU.ActiveCfg = Release|Any CPU
		{84744D7C-A396-403A-9DAA-A03C167637C7}.Release|Any CPU.Build.0 = Release|Any CPU
		{DD3372EC-8BDA-4157-AD50-D187A5DDA212}.Debug|Any CPU.ActiveCfg = Debug|Any CPU
		{DD3372EC-8BDA-4157-AD50-D187A5DDA212}.Debug|Any CPU.Build.0 = Debug|Any CPU
		{DD3372EC-8BDA-4157-AD50-D187A5DDA212}.Release|Any CPU.ActiveCfg = Release|Any CPU
		{DD3372EC-8BDA-4157-AD50-D187A5DDA212}.Release|Any CPU.Build.0 = Release|Any CPU
	EndGlobalSection
	GlobalSection(SolutionProperties) = preSolution
		HideSolutionNode = FALSE
	EndGlobalSection
	GlobalSection(ExtensibilityGlobals) = postSolution
		SolutionGuid = {925201D7-F391-48C0-9F82-0495CF1F9C2E}
	EndGlobalSection
	GlobalSection(NestedProjects) = preSolution
		{10E2E10F-9CB1-4CEA-8FD2-35363213D763} = {3D014309-A3B1-476B-9CF5-AF8135E00445}
		{84744D7C-A396-403A-9DAA-A03C167637C7} = {6BD28B9D-E3EB-4E51-BBB1-E2F37F5D21E3}
		{DD3372EC-8BDA-4157-AD50-D187A5DDA212} = {83A9ACB7-8757-4A64-B81C-4EBF80113E1A}
	EndGlobalSection
EndGlobal
